
Microsoft Visual Studio Solution File, Format Version 12.00
# Visual Studio Version 17
VisualStudioVersion = 17.0.31903.59
MinimumVisualStudioVersion = 10.0.40219.1
Project("{FAE04EC0-301F-11D3-BF4B-00C04F79EFBC}") = "Hooks.Common", "Hooks.Common\Hooks.Common.csproj", "{80C03A21-930A-400E-8F1D-A12F212B74F5}"
EndProject
Project("{FAE04EC0-301F-11D3-BF4B-00C04F79EFBC}") = "Hooks.Common.Tests", "Hooks.Common.Tests\Hooks.Common.Tests.csproj", "{9F6E6155-DC41-4771-9323-2498522CE69F}"
EndProject
Project("{FAE04EC0-301F-11D3-BF4B-00C04F79EFBC}") = "Hooks.Package", "Hooks.Package\Hooks.Package.csproj", "{1F9C61CD-94E3-4208-BBCA-5310077D79A7}"
EndProject
Project("{FAE04EC0-301F-11D3-BF4B-00C04F79EFBC}") = "Hooks.Package.Tests", "Hooks.Package.Tests\Hooks.Package.Tests.csproj", "{CB84CE08-909A-43FB-8E19-31F404241BD8}"
EndProject
Project("{FAE04EC0-301F-11D3-BF4B-00C04F79EFBC}") = "Hooks.Service", "Hooks.Service\Hooks.Service.csproj", "{956A4A6F-9921-4835-B874-1B5E9106640A}"
EndProject
Project("{FAE04EC0-301F-11D3-BF4B-00C04F79EFBC}") = "Hooks.Service.Tests", "Hooks.Service.Tests\Hooks.Service.Tests.csproj", "{415CD503-8AFA-4110-BA68-524632184ACE}"
EndProject
Project("{2150E333-8FDC-42A3-9474-1A3956D46DE8}") = "Solution Items", "Solution Items", "{9255FBD3-1188-4878-A080-04BCCC74C9F5}"
	ProjectSection(SolutionItems) = preProject
		..\package.json = ..\package.json
		..\readme.md = ..\readme.md
		..\.gitignore = ..\.gitignore
		..\.gitattributes = ..\.gitattributes
		..\.commitlintrc.yml = ..\.commitlintrc.yml
	EndProjectSection
EndProject
Project("{2150E333-8FDC-42A3-9474-1A3956D46DE8}") = "Github", "Github", "{5744C1C2-64B3-40B4-A7B9-B8DEDDB1A3F5}"
	ProjectSection(SolutionItems) = preProject
		..\.github\codeowners = ..\.github\codeowners
	EndProjectSection
EndProject
Project("{2150E333-8FDC-42A3-9474-1A3956D46DE8}") = "Workflows", "Workflows", "{5BDE4EF6-A62D-429B-82A3-1D04D7E35066}"
	ProjectSection(SolutionItems) = preProject
		..\.github\workflows\commit-linting.yml = ..\.github\workflows\commit-linting.yml
	EndProjectSection
EndProject
Global
	GlobalSection(SolutionConfigurationPlatforms) = preSolution
		Debug|Any CPU = Debug|Any CPU
		Release|Any CPU = Release|Any CPU
	EndGlobalSection
	GlobalSection(SolutionProperties) = preSolution
		HideSolutionNode = FALSE
	EndGlobalSection
	GlobalSection(ProjectConfigurationPlatforms) = postSolution
		{80C03A21-930A-400E-8F1D-A12F212B74F5}.Debug|Any CPU.ActiveCfg = Debug|Any CPU
		{80C03A21-930A-400E-8F1D-A12F212B74F5}.Debug|Any CPU.Build.0 = Debug|Any CPU
		{80C03A21-930A-400E-8F1D-A12F212B74F5}.Release|Any CPU.ActiveCfg = Release|Any CPU
		{80C03A21-930A-400E-8F1D-A12F212B74F5}.Release|Any CPU.Build.0 = Release|Any CPU
		{9F6E6155-DC41-4771-9323-2498522CE69F}.Debug|Any CPU.ActiveCfg = Debug|Any CPU
		{9F6E6155-DC41-4771-9323-2498522CE69F}.Debug|Any CPU.Build.0 = Debug|Any CPU
		{9F6E6155-DC41-4771-9323-2498522CE69F}.Release|Any CPU.ActiveCfg = Release|Any CPU
		{9F6E6155-DC41-4771-9323-2498522CE69F}.Release|Any CPU.Build.0 = Release|Any CPU
		{1F9C61CD-94E3-4208-BBCA-5310077D79A7}.Debug|Any CPU.ActiveCfg = Debug|Any CPU
		{1F9C61CD-94E3-4208-BBCA-5310077D79A7}.Debug|Any CPU.Build.0 = Debug|Any CPU
		{1F9C61CD-94E3-4208-BBCA-5310077D79A7}.Release|Any CPU.ActiveCfg = Release|Any CPU
		{1F9C61CD-94E3-4208-BBCA-5310077D79A7}.Release|Any CPU.Build.0 = Release|Any CPU
		{CB84CE08-909A-43FB-8E19-31F404241BD8}.Debug|Any CPU.ActiveCfg = Debug|Any CPU
		{CB84CE08-909A-43FB-8E19-31F404241BD8}.Debug|Any CPU.Build.0 = Debug|Any CPU
		{CB84CE08-909A-43FB-8E19-31F404241BD8}.Release|Any CPU.ActiveCfg = Release|Any CPU
		{CB84CE08-909A-43FB-8E19-31F404241BD8}.Release|Any CPU.Build.0 = Release|Any CPU
		{956A4A6F-9921-4835-B874-1B5E9106640A}.Debug|Any CPU.ActiveCfg = Debug|Any CPU
		{956A4A6F-9921-4835-B874-1B5E9106640A}.Debug|Any CPU.Build.0 = Debug|Any CPU
		{956A4A6F-9921-4835-B874-1B5E9106640A}.Release|Any CPU.ActiveCfg = Release|Any CPU
		{956A4A6F-9921-4835-B874-1B5E9106640A}.Release|Any CPU.Build.0 = Release|Any CPU
		{415CD503-8AFA-4110-BA68-524632184ACE}.Debug|Any CPU.ActiveCfg = Debug|Any CPU
		{415CD503-8AFA-4110-BA68-524632184ACE}.Debug|Any CPU.Build.0 = Debug|Any CPU
		{415CD503-8AFA-4110-BA68-524632184ACE}.Release|Any CPU.ActiveCfg = Release|Any CPU
		{415CD503-8AFA-4110-BA68-524632184ACE}.Release|Any CPU.Build.0 = Release|Any CPU
	EndGlobalSection
	GlobalSection(NestedProjects) = preSolution
		{5744C1C2-64B3-40B4-A7B9-B8DEDDB1A3F5} = {9255FBD3-1188-4878-A080-04BCCC74C9F5}
		{5BDE4EF6-A62D-429B-82A3-1D04D7E35066} = {5744C1C2-64B3-40B4-A7B9-B8DEDDB1A3F5}
	EndGlobalSection
EndGlobal
